# THIS IS AN AUTOGENERATED FILE. DO NOT EDIT THIS FILE DIRECTLY.
# yarn lockfile v1


cjs-module-lexer@^1.0.0:
  version "1.0.0"
  resolved "https://registry.yarnpkg.com/cjs-module-lexer/-/cjs-module-lexer-1.0.0.tgz#c125ff0f4ab2c898dda909352f254d55e2213261"
  integrity sha512-bLSEjEwg4knnuXt7LIWegvgTOClk6ZonZY6g4CFGBly1EjRqVjTjI8Dwnb/dsu1PwJjYBKxnguE5bRTdk+bFOA==

fsevents@~2.3.1:
  version "2.3.2"
  resolved "https://registry.yarnpkg.com/fsevents/-/fsevents-2.3.2.tgz#8a526f78b8fdf4623b709e0b975c52c24c02fd1a"
  integrity sha512-xiqMQR4xAeHTuB9uWm+fFRcIOgKBMiOBP+eXiyT7jsgVCq1bkVygt00oASowB7EdtpOHaaPgKt812P9ab+DDKA==

rollup@2.39.0:
  version "2.39.0"
  resolved "https://registry.yarnpkg.com/rollup/-/rollup-2.39.0.tgz#be4f98c9e421793a8fec82c854fb567c35e22ab6"
  integrity sha512-+WR3bttcq7zE+BntH09UxaW3bQo3vItuYeLsyk4dL2tuwbeSKJuvwiawyhEnvRdRgrII0Uzk00FpctHO/zB1kw==
  optionalDependencies:
    fsevents "~2.3.1"
